
Microsoft Visual Studio Solution File, Format Version 12.00
# Visual Studio 15
VisualStudioVersion = 15.0.27428.2002
MinimumVisualStudioVersion = 10.0.40219.1
Project("{8BC9CEB8-8B4A-11D0-8D11-00A0C91BC942}") = "BullCowGame", "BullCowGame\BullCowGame.vcxproj", "{5A3D4EE2-A288-415B-BC11-80E5C140E324}"
EndProject
Global
	GlobalSection(SolutionConfigurationPlatforms) = preSolution
		Debug|x64 = Debug|x64
		Debug|x86 = Debug|x86
		Release|x64 = Release|x64
		Release|x86 = Release|x86
	EndGlobalSection
	GlobalSection(ProjectConfigurationPlatforms) = postSolution
		{5A3D4EE2-A288-415B-BC11-80E5C140E324}.Debug|x64.ActiveCfg = Debug|x64
		{5A3D4EE2-A288-415B-BC11-80E5C140E324}.Debug|x64.Build.0 = Debug|x64
		{5A3D4EE2-A288-415B-BC11-80E5C140E324}.Debug|x86.ActiveCfg = Debug|Win32
		{5A3D4EE2-A288-415B-BC11-80E5C140E324}.Debug|x86.Build.0 = Debug|Win32
		{5A3D4EE2-A288-415B-BC11-80E5C140E324}.Release|x64.ActiveCfg = Release|x64
		{5A3D4EE2-A288-415B-BC11-80E5C140E324}.Release|x64.Build.0 = Release|x64
		{5A3D4EE2-A288-415B-BC11-80E5C140E324}.Release|x86.ActiveCfg = Release|Win32
		{5A3D4EE2-A288-415B-BC11-80E5C140E324}.Release|x86.Build.0 = Release|Win32
	EndGlobalSection
	GlobalSection(SolutionProperties) = preSolution
		HideSolutionNode = FALSE
	EndGlobalSection
	GlobalSection(ExtensibilityGlobals) = postSolution
		SolutionGuid = {26EF9B12-BDBB-4B0A-AE1F-404441150F01}
	EndGlobalSection
EndGlobal
